
Microsoft Visual Studio Solution File, Format Version 12.00
# Visual Studio Version 16
VisualStudioVersion = 16.0.32002.261
MinimumVisualStudioVersion = 10.0.40219.1
Project("{FAE04EC0-301F-11D3-BF4B-00C04F79EFBC}") = "WSUniversalLib", "WSUniversalLib.csproj", "{1C7B6441-EB99-473C-B7C8-5C5125DAEB56}"
EndProject
Project("{FAE04EC0-301F-11D3-BF4B-00C04F79EFBC}") = "TestCalc493Borodin", "..\TestCalc493Borodin\TestCalc493Borodin.csproj", "{35B004F6-6248-49E8-9F66-EBCD0061AE7C}"
EndProject
Global
	GlobalSection(SolutionConfigurationPlatforms) = preSolution
		Debug|Any CPU = Debug|Any CPU
		Release|Any CPU = Release|Any CPU
	EndGlobalSection
	GlobalSection(ProjectConfigurationPlatforms) = postSolution
		{1C7B6441-EB99-473C-B7C8-5C5125DAEB56}.Debug|Any CPU.ActiveCfg = Debug|Any CPU
		{1C7B6441-EB99-473C-B7C8-5C5125DAEB56}.Debug|Any CPU.Build.0 = Debug|Any CPU
		{1C7B6441-EB99-473C-B7C8-5C5125DAEB56}.Release|Any CPU.ActiveCfg = Release|Any CPU
		{1C7B6441-EB99-473C-B7C8-5C5125DAEB56}.Release|Any CPU.Build.0 = Release|Any CPU
		{35B004F6-6248-49E8-9F66-EBCD0061AE7C}.Debug|Any CPU.ActiveCfg = Debug|Any CPU
		{35B004F6-6248-49E8-9F66-EBCD0061AE7C}.Debug|Any CPU.Build.0 = Debug|Any CPU
		{35B004F6-6248-49E8-9F66-EBCD0061AE7C}.Release|Any CPU.ActiveCfg = Release|Any CPU
		{35B004F6-6248-49E8-9F66-EBCD0061AE7C}.Release|Any CPU.Build.0 = Release|Any CPU
	EndGlobalSection
	GlobalSection(SolutionProperties) = preSolution
		HideSolutionNode = FALSE
	EndGlobalSection
	GlobalSection(ExtensibilityGlobals) = postSolution
		SolutionGuid = {BA3FA935-2C06-4FA5-B2E1-5C4FFC9CAA5F}
	EndGlobalSection
EndGlobal
